
Microsoft Visual Studio Solution File, Format Version 12.00
# Visual Studio Version 17
VisualStudioVersion = 17.9.34622.214
MinimumVisualStudioVersion = 10.0.40219.1
Project("{FAE04EC0-301F-11D3-BF4B-00C04F79EFBC}") = "ELEK_NODE_SOLVER", "ELEK_NODE_SOLVER.csproj", "{651E9D1D-0BA6-4B18-890F-29228ED21A0D}"
EndProject
Global
	GlobalSection(SolutionConfigurationPlatforms) = preSolution
		Debug|Any CPU = Debug|Any CPU
		Release|Any CPU = Release|Any CPU
	EndGlobalSection
	GlobalSection(ProjectConfigurationPlatforms) = postSolution
		{651E9D1D-0BA6-4B18-890F-29228ED21A0D}.Debug|Any CPU.ActiveCfg = Debug|Any CPU
		{651E9D1D-0BA6-4B18-890F-29228ED21A0D}.Debug|Any CPU.Build.0 = Debug|Any CPU
		{651E9D1D-0BA6-4B18-890F-29228ED21A0D}.Release|Any CPU.ActiveCfg = Release|Any CPU
		{651E9D1D-0BA6-4B18-890F-29228ED21A0D}.Release|Any CPU.Build.0 = Release|Any CPU
	EndGlobalSection
	GlobalSection(SolutionProperties) = preSolution
		HideSolutionNode = FALSE
	EndGlobalSection
	GlobalSection(ExtensibilityGlobals) = postSolution
		SolutionGuid = {D56018A3-7D66-4187-BFC3-FB8C45047B65}
	EndGlobalSection
EndGlobal
